{
  "name": "@nonsensecodes/ambassador",
  "version": "0.1.0",
  "lockfileVersion": 1,
  "requires": true,
  "dependencies": {
    "@nonsensecodes/emissary": {
      "version": "1.0.3",
      "resolved": "https://registry.npmjs.org/@nonsensecodes/emissary/-/emissary-1.0.3.tgz",
      "integrity": "sha512-PBgDE/FMFfWwtZ6xe5abLNKyFaz6+2ZCO72W9B179fhx4cm9SRcsrnmpkmrlcPEqHWxuIo23UrkFnKbqJrdS0A=="
    }
  }
}
